
Microsoft Visual Studio Solution File, Format Version 12.00
# Visual Studio Version 16
VisualStudioVersion = 16.0.31702.278
MinimumVisualStudioVersion = 10.0.40219.1
Project("{FAE04EC0-301F-11D3-BF4B-00C04F79EFBC}") = "MyConsoleApp", "MyConsoleApp\MyConsoleApp.csproj", "{D192715A-D96D-43B4-B865-5C01B8A53A98}"
EndProject
Global
	GlobalSection(SolutionConfigurationPlatforms) = preSolution
		Debug|Any CPU = Debug|Any CPU
		Release|Any CPU = Release|Any CPU
	EndGlobalSection
	GlobalSection(ProjectConfigurationPlatforms) = postSolution
		{D192715A-D96D-43B4-B865-5C01B8A53A98}.Debug|Any CPU.ActiveCfg = Debug|Any CPU
		{D192715A-D96D-43B4-B865-5C01B8A53A98}.Debug|Any CPU.Build.0 = Debug|Any CPU
		{D192715A-D96D-43B4-B865-5C01B8A53A98}.Release|Any CPU.ActiveCfg = Release|Any CPU
		{D192715A-D96D-43B4-B865-5C01B8A53A98}.Release|Any CPU.Build.0 = Release|Any CPU
	EndGlobalSection
	GlobalSection(SolutionProperties) = preSolution
		HideSolutionNode = FALSE
	EndGlobalSection
	GlobalSection(ExtensibilityGlobals) = postSolution
		SolutionGuid = {7BC16E00-991E-4985-BB46-A67333CEB1E1}
	EndGlobalSection
EndGlobal
